Microsoft Visual Studio Solution File, Format Version 12.00
# Visual Studio Version 17
VisualStudioVersion = 17.5.2.0
MinimumVisualStudioVersion = 10.0.40219.1
Project("{FAE04EC0-301F-11D3-BF4B-00C04F79EFBC}") = "DbUpMigration", "DbUpMigration\DbUpMigration.csproj", "{2C300170-2330-14B8-83DE-F5704FA36444}"
EndProject
Global
	GlobalSection(SolutionConfigurationPlatforms) = preSolution
		Debug|Any CPU = Debug|Any CPU
		Release|Any CPU = Release|Any CPU
	EndGlobalSection
	GlobalSection(ProjectConfigurationPlatforms) = postSolution
		{2C300170-2330-14B8-83DE-F5704FA36444}.Debug|Any CPU.ActiveCfg = Debug|Any CPU
		{2C300170-2330-14B8-83DE-F5704FA36444}.Debug|Any CPU.Build.0 = Debug|Any CPU
		{2C300170-2330-14B8-83DE-F5704FA36444}.Release|Any CPU.ActiveCfg = Release|Any CPU
		{2C300170-2330-14B8-83DE-F5704FA36444}.Release|Any CPU.Build.0 = Release|Any CPU
	EndGlobalSection
	GlobalSection(SolutionProperties) = preSolution
		HideSolutionNode = FALSE
	EndGlobalSection
	GlobalSection(ExtensibilityGlobals) = postSolution
		SolutionGuid = {CBA4A19F-7E3E-41AB-B438-D37CE3D026DE}
	EndGlobalSection
EndGlobal
